// !$*UTF8*$!
{
	archiveVersion = 1;
	classes = {
	};
	objectVersion = 50;
	objects = {

/* Begin PBXBuildFile section */
		769FB15C22822ADC001F5E55 /* UIButtonX.swift in Sources */ = {isa = PBXBuildFile; fileRef = 769FB15B22822ADC001F5E55 /* UIButtonX.swift */; };
		76DCD6B5227F1F0F00113A28 /* AppDelegate.swift in Sources */ = {isa = PBXBuildFile; fileRef = 76DCD6B4227F1F0F00113A28 /* AppDelegate.swift */; };
		76DCD6B8227F1F0F00113A28 /* Model.swift in Sources */ = {isa = PBXBuildFile; fileRef = 76DCD6B7227F1F0F00113A28 /* Model.swift */; };
		76DCD6BA227F1F0F00113A28 /* Data.swift in Sources */ = {isa = PBXBuildFile; fileRef = 76DCD6B9227F1F0F00113A28 /* Data.swift */; };
		76DCD6C0227F1F0F00113A28 /* Main.storyboard in Resources */ = {isa = PBXBuildFile; fileRef = 76DCD6BF227F1F0F00113A28 /* Main.storyboard */; };
		76DCD6C2227F1F0F00113A28 /* TableViewCell.swift in Sources */ = {isa = PBXBuildFile; fileRef = 76DCD6C1227F1F0F00113A28 /* TableViewCell.swift */; };
		76DCD6C5227F1F0F00113A28 /* ViewController.swift in Sources */ = {isa = PBXBuildFile; fileRef = 76DCD6C4227F1F0F00113A28 /* ViewController.swift */; };
		76DCD6C7227F1F1200113A28 /* Assets.xcassets in Resources */ = {isa = PBXBuildFile; fileRef = 76DCD6C6227F1F1200113A28 /* Assets.xcassets */; };
		76DCD6CA227F1F1200113A28 /* LaunchScreen.storyboard in Resources */ = {isa = PBXBuildFile; fileRef = 76DCD6C8227F1F1200113A28 /* LaunchScreen.storyboard */; };
/* End PBXBuildFile section */

/* Begin PBXFileReference section */
		769FB15B22822ADC001F5E55 /* UIButtonX.swift */ = {isa = PBXFileReference; fileEncoding = 4; lastKnownFileType = sourcecode.swift; name = UIButtonX.swift; path = ../../../Desktop/UIButtonX.swift; sourceTree = "<group>"; };
		76DCD6B1227F1F0F00113A28 /* UkrainianNews.app */ = {isa = PBXFileReference; explicitFileType = wrapper.application; includeInIndex = 0; path = UkrainianNews.app; sourceTree = BUILT_PRODUCTS_DIR; };
		76DCD6B4227F1F0F00113A28 /* AppDelegate.swift */ = {isa = PBXFileReference; lastKnownFileType = sourcecode.swift; path = AppDelegate.swift; sourceTree = "<group>"; };
		76DCD6B7227F1F0F00113A28 /* Model.swift */ = {isa = PBXFileReference; lastKnownFileType = sourcecode.swift; path = Model.swift; sourceTree = "<group>"; };
		76DCD6B9227F1F0F00113A28 /* Data.swift */ = {isa = PBXFileReference; lastKnownFileType = sourcecode.swift; path = Data.swift; sourceTree = "<group>"; };
		76DCD6BF227F1F0F00113A28 /* Main.storyboard */ = {isa = PBXFileReference; lastKnownFileType = file.storyboard; path = Main.storyboard; sourceTree = "<group>"; };
		76DCD6C1227F1F0F00113A28 /* TableViewCell.swift */ = {isa = PBXFileReference; lastKnownFileType = sourcecode.swift; path = TableViewCell.swift; sourceTree = "<group>"; };
		76DCD6C4227F1F0F00113A28 /* ViewController.swift */ = {isa = PBXFileReference; lastKnownFileType = sourcecode.swift; path = ViewController.swift; sourceTree = "<group>"; };
		76DCD6C6227F1F1200113A28 /* Assets.xcassets */ = {isa = PBXFileReference; lastKnownFileType = folder.assetcatalog; path = Assets.xcassets; sourceTree = "<group>"; };
		76DCD6C9227F1F1200113A28 /* Base */ = {isa = PBXFileReference; lastKnownFileType = file.storyboard; name = Base; path = Base.lproj/LaunchScreen.storyboard; sourceTree = "<group>"; };
		76DCD6CB227F1F1200113A28 /* Info.plist */ = {isa = PBXFileReference; lastKnownFileType = text.plist.xml; path = Info.plist; sourceTree = "<group>"; };
/* End PBXFileReference section */

/* Begin PBXFrameworksBuildPhase section */
		76DCD6AE227F1F0F00113A28 /* Frameworks */ = {
			isa = PBXFrameworksBuildPhase;
			buildActionMask = 2147483647;
			files = (
			);
			runOnlyForDeploymentPostprocessing = 0;
		};
/* End PBXFrameworksBuildPhase section */

/* Begin PBXGroup section */
		76C770AB2280443E0063C60D /* Resources */ = {
			isa = PBXGroup;
			children = (
				76DCD6C6227F1F1200113A28 /* Assets.xcassets */,
				76DCD6CB227F1F1200113A28 /* Info.plist */,
			);
			name = Resources;
			sourceTree = "<group>";
		};
		76C770B02280938C0063C60D /* Round */ = {
			isa = PBXGroup;
			children = (
				769FB15B22822ADC001F5E55 /* UIButtonX.swift */,
			);
			name = Round;
			sourceTree = "<group>";
		};
		76DCD6A8227F1F0F00113A28 = {
			isa = PBXGroup;
			children = (
				76DCD6B3227F1F0F00113A28 /* UkrainianNews */,
				76DCD6B2227F1F0F00113A28 /* Products */,
			);
			sourceTree = "<group>";
		};
		76DCD6B2227F1F0F00113A28 /* Products */ = {
			isa = PBXGroup;
			children = (
				76DCD6B1227F1F0F00113A28 /* UkrainianNews.app */,
			);
			name = Products;
			sourceTree = "<group>";
		};
		76DCD6B3227F1F0F00113A28 /* UkrainianNews */ = {
			isa = PBXGroup;
			children = (
				76DCD6B6227F1F0F00113A28 /* Model */,
				76DCD6BE227F1F0F00113A28 /* View */,
				76DCD6C3227F1F0F00113A28 /* Controller */,
				76C770AB2280443E0063C60D /* Resources */,
			);
			path = UkrainianNews;
			sourceTree = "<group>";
		};
		76DCD6B6227F1F0F00113A28 /* Model */ = {
			isa = PBXGroup;
			children = (
				76DCD6B7227F1F0F00113A28 /* Model.swift */,
				76DCD6B9227F1F0F00113A28 /* Data.swift */,
			);
			name = Model;
			sourceTree = "<group>";
		};
		76DCD6BE227F1F0F00113A28 /* View */ = {
			isa = PBXGroup;
			children = (
				76C770B02280938C0063C60D /* Round */,
				76DCD6C8227F1F1200113A28 /* LaunchScreen.storyboard */,
				76DCD6BF227F1F0F00113A28 /* Main.storyboard */,
				76DCD6C1227F1F0F00113A28 /* TableViewCell.swift */,
			);
			name = View;
			sourceTree = "<group>";
		};
		76DCD6C3227F1F0F00113A28 /* Controller */ = {
			isa = PBXGroup;
			children = (
				76DCD6B4227F1F0F00113A28 /* AppDelegate.swift */,
				76DCD6C4227F1F0F00113A28 /* ViewController.swift */,
			);
			name = Controller;
			sourceTree = "<group>";
		};
/* End PBXGroup section */

/* Begin PBXNativeTarget section */
		76DCD6B0227F1F0F00113A28 /* UkrainianNews */ = {
			isa = PBXNativeTarget;
			buildConfigurationList = 76DCD6CE227F1F1200113A28 /* Build configuration list for PBXNativeTarget "UkrainianNews" */;
			buildPhases = (
				76DCD6AD227F1F0F00113A28 /* Sources */,
				76DCD6AE227F1F0F00113A28 /* Frameworks */,
				76DCD6AF227F1F0F00113A28 /* Resources */,
			);
			buildRules = (
			);
			dependencies = (
			);
			name = UkrainianNews;
			productName = UkrainianNews;
			productReference = 76DCD6B1227F1F0F00113A28 /* UkrainianNews.app */;
			productType = "com.apple.product-type.application";
		};
/* End PBXNativeTarget section */

/* Begin PBXProject section */
		76DCD6A9227F1F0F00113A28 /* Project object */ = {
			isa = PBXProject;
			attributes = {
				LastSwiftUpdateCheck = 1020;
				LastUpgradeCheck = 1020;
				ORGANIZATIONNAME = "Markiyan Prysiazhniuk";
				TargetAttributes = {
					76DCD6B0227F1F0F00113A28 = {
						CreatedOnToolsVersion = 10.2.1;
						SystemCapabilities = {
							com.apple.ApplicationGroups.iOS = {
								enabled = 0;
							};
							com.apple.BackgroundModes = {
								enabled = 0;
							};
							com.apple.DataProtection = {
								enabled = 0;
							};
							com.apple.WAC = {
								enabled = 0;
							};
						};
					};
				};
			};
			buildConfigurationList = 76DCD6AC227F1F0F00113A28 /* Build configuration list for PBXProject "UkrainianNews" */;
			compatibilityVersion = "Xcode 9.3";
			developmentRegion = en;
			hasScannedForEncodings = 0;
			knownRegions = (
				en,
				Base,
			);
			mainGroup = 76DCD6A8227F1F0F00113A28;
			productRefGroup = 76DCD6B2227F1F0F00113A28 /* Products */;
			projectDirPath = "";
			projectRoot = "";
			targets = (
				76DCD6B0227F1F0F00113A28 /* UkrainianNews */,
			);
		};
/* End PBXProject section */

/* Begin PBXResourcesBuildPhase section */
		76DCD6AF227F1F0F00113A28 /* Resources */ = {
			isa = PBXResourcesBuildPhase;
			buildActionMask = 2147483647;
			files = (
				76DCD6CA227F1F1200113A28 /* LaunchScreen.storyboard in Resources */,
				76DCD6C7227F1F1200113A28 /* Assets.xcassets in Resources */,
				76DCD6C0227F1F0F00113A28 /* Main.storyboard in Resources */,
			);
			runOnlyForDeploymentPostprocessing = 0;
		};
/* End PBXResourcesBuildPhase section */

/* Begin PBXSourcesBuildPhase section */
		76DCD6AD227F1F0F00113A28 /* Sources */ = {
			isa = PBXSourcesBuildPhase;
			buildActionMask = 2147483647;
			files = (
				76DCD6C5227F1F0F00113A28 /* ViewController.swift in Sources */,
				76DCD6B5227F1F0F00113A28 /* AppDelegate.swift in Sources */,
				769FB15C22822ADC001F5E55 /* UIButtonX.swift in Sources */,
				76DCD6C2227F1F0F00113A28 /* TableViewCell.swift in Sources */,
				76DCD6BA227F1F0F00113A28 /* Data.swift in Sources */,
				76DCD6B8227F1F0F00113A28 /* Model.swift in Sources */,
			);
			runOnlyForDeploymentPostprocessing = 0;
		};
/* End PBXSourcesBuildPhase section */

/* Begin PBXVariantGroup section */
		76DCD6C8227F1F1200113A28 /* LaunchScreen.storyboard */ = {
			isa = PBXVariantGroup;
			children = (
				76DCD6C9227F1F1200113A28 /* Base */,
			);
			name = LaunchScreen.storyboard;
			sourceTree = "<group>";
		};
/* End PBXVariantGroup section */

/* Begin XCBuildConfiguration section */
		76DCD6CC227F1F1200113A28 /* Debug */ = {
			isa = XCBuildConfiguration;
			buildSettings = {
				ALWAYS_SEARCH_USER_PATHS = NO;
				CLANG_ANALYZER_NONNULL = YES;
				CLANG_ANALYZER_NUMBER_OBJECT_CONVERSION = YES_AGGRESSIVE;
				CLANG_CXX_LANGUAGE_STANDARD = "gnu++14";
				CLANG_CXX_LIBRARY = "libc++";
				CLANG_ENABLE_MODULES = YES;
				CLANG_ENABLE_OBJC_ARC = YES;
				CLANG_ENABLE_OBJC_WEAK = YES;
				CLANG_WARN_BLOCK_CAPTURE_AUTORELEASING = YES;
				CLANG_WARN_BOOL_CONVERSION = YES;
				CLANG_WARN_COMMA = YES;
				CLANG_WARN_CONSTANT_CONVERSION = YES;
				CLANG_WARN_DEPRECATED_OBJC_IMPLEMENTATIONS = YES;
				CLANG_WARN_DIRECT_OBJC_ISA_USAGE = YES_ERROR;
				CLANG_WARN_DOCUMENTATION_COMMENTS = YES;
				CLANG_WARN_EMPTY_BODY = YES;
				CLANG_WARN_ENUM_CONVERSION = YES;
				CLANG_WARN_INFINITE_RECURSION = YES;
				CLANG_WARN_INT_CONVERSION = YES;
				CLANG_WARN_NON_LITERAL_NULL_CONVERSION = YES;
				CLANG_WARN_OBJC_IMPLICIT_RETAIN_SELF = YES;
				CLANG_WARN_OBJC_LITERAL_CONVERSION = YES;
				CLANG_WARN_OBJC_ROOT_CLASS = YES_ERROR;
				CLANG_WARN_RANGE_LOOP_ANALYSIS = YES;
				CLANG_WARN_STRICT_PROTOTYPES = YES;
				CLANG_WARN_SUSPICIOUS_MOVE = YES;
				CLANG_WARN_UNGUARDED_AVAILABILITY = YES_AGGRESSIVE;
				CLANG_WARN_UNREACHABLE_CODE = YES;
				CLANG_WARN__DUPLICATE_METHOD_MATCH = YES;
				CODE_SIGN_IDENTITY = "iPhone Developer";
				COPY_PHASE_STRIP = NO;
				DEBUG_INFORMATION_FORMAT = dwarf;
				ENABLE_STRICT_OBJC_MSGSEND = YES;
				ENABLE_TESTABILITY = YES;
				GCC_C_LANGUAGE_STANDARD = gnu11;
				GCC_DYNAMIC_NO_PIC = NO;
				GCC_NO_COMMON_BLOCKS = YES;
				GCC_OPTIMIZATION_LEVEL = 0;
				GCC_PREPROCESSOR_DEFINITIONS = (
					"DEBUG=1",
					"$(inherited)",
				);
				GCC_WARN_64_TO_32_BIT_CONVERSION = YES;
				GCC_WARN_ABOUT_RETURN_TYPE = YES_ERROR;
				GCC_WARN_UNDECLARED_SELECTOR = YES;
				GCC_WARN_UNINITIALIZED_AUTOS = YES_AGGRESSIVE;
				GCC_WARN_UNUSED_FUNCTION = YES;
				GCC_WARN_UNUSED_VARIABLE = YES;
				IPHONEOS_DEPLOYMENT_TARGET = 12.2;
				MTL_ENABLE_DEBUG_INFO = INCLUDE_SOURCE;
				MTL_FAST_MATH = YES;
				ONLY_ACTIVE_ARCH = YES;
				SDKROOT = iphoneos;
				SWIFT_ACTIVE_COMPILATION_CONDITIONS = DEBUG;
				SWIFT_OPTIMIZATION_LEVEL = "-Onone";
			};
			name = Debug;
		};
		76DCD6CD227F1F1200113A28 /* Release */ = {
			isa = XCBuildConfiguration;
			buildSettings = {
				ALWAYS_SEARCH_USER_PATHS = NO;
				CLANG_ANALYZER_NONNULL = YES;
				CLANG_ANALYZER_NUMBER_OBJECT_CONVERSION = YES_AGGRESSIVE;
				CLANG_CXX_LANGUAGE_STANDARD = "gnu++14";
				CLANG_CXX_LIBRARY = "libc++";
				CLANG_ENABLE_MODULES = YES;
				CLANG_ENABLE_OBJC_ARC = YES;
				CLANG_ENABLE_OBJC_WEAK = YES;
				CLANG_WARN_BLOCK_CAPTURE_AUTORELEASING = YES;
				CLANG_WARN_BOOL_CONVERSION = YES;
				CLANG_WARN_COMMA = YES;
				CLANG_WARN_CONSTANT_CONVERSION = YES;
				CLANG_WARN_DEPRECATED_OBJC_IMPLEMENTATIONS = YES;
				CLANG_WARN_DIRECT_OBJC_ISA_USAGE = YES_ERROR;
				CLANG_WARN_DOCUMENTATION_COMMENTS = YES;
				CLANG_WARN_EMPTY_BODY = YES;
				CLANG_WARN_ENUM_CONVERSION = YES;
				CLANG_WARN_INFINITE_RECURSION = YES;
				CLANG_WARN_INT_CONVERSION = YES;
				CLANG_WARN_NON_LITERAL_NULL_CONVERSION = YES;
				CLANG_WARN_OBJC_IMPLICIT_RETAIN_SELF = YES;
				CLANG_WARN_OBJC_LITERAL_CONVERSION = YES;
				CLANG_WARN_OBJC_ROOT_CLASS = YES_ERROR;
				CLANG_WARN_RANGE_LOOP_ANALYSIS = YES;
				CLANG_WARN_STRICT_PROTOTYPES = YES;
				CLANG_WARN_SUSPICIOUS_MOVE = YES;
				CLANG_WARN_UNGUARDED_AVAILABILITY = YES_AGGRESSIVE;
				CLANG_WARN_UNREACHABLE_CODE = YES;
				CLANG_WARN__DUPLICATE_METHOD_MATCH = YES;
				CODE_SIGN_IDENTITY = "iPhone Developer";
				COPY_PHASE_STRIP = NO;
				DEBUG_INFORMATION_FORMAT = "dwarf-with-dsym";
				ENABLE_NS_ASSERTIONS = NO;
				ENABLE_STRICT_OBJC_MSGSEND = YES;
				GCC_C_LANGUAGE_STANDARD = gnu11;
				GCC_NO_COMMON_BLOCKS = YES;
				GCC_WARN_64_TO_32_BIT_CONVERSION = YES;
				GCC_WARN_ABOUT_RETURN_TYPE = YES_ERROR;
				GCC_WARN_UNDECLARED_SELECTOR = YES;
				GCC_WARN_UNINITIALIZED_AUTOS = YES_AGGRESSIVE;
				GCC_WARN_UNUSED_FUNCTION = YES;
				GCC_WARN_UNUSED_VARIABLE = YES;
				IPHONEOS_DEPLOYMENT_TARGET = 12.2;
				MTL_ENABLE_DEBUG_INFO = NO;
				MTL_FAST_MATH = YES;
				SDKROOT = iphoneos;
				SWIFT_COMPILATION_MODE = wholemodule;
				SWIFT_OPTIMIZATION_LEVEL = "-O";
				VALIDATE_PRODUCT = YES;
			};
			name = Release;
		};
		76DCD6CF227F1F1200113A28 /* Debug */ = {
			isa = XCBuildConfiguration;
			buildSettings = {
				ASSETCATALOG_COMPILER_APPICON_NAME = AppIcon;
				CODE_SIGN_STYLE = Automatic;
				DEVELOPMENT_TEAM = 8P2D5W8A5L;
				INFOPLIST_FILE = UkrainianNews/Info.plist;
				LD_RUNPATH_SEARCH_PATHS = (
					"$(inherited)",
					"@executable_path/Frameworks",
				);
				PRODUCT_BUNDLE_IDENTIFIER = test.UkrainianNews;
				PRODUCT_NAME = "$(TARGET_NAME)";
				SWIFT_VERSION = 5.0;
				TARGETED_DEVICE_FAMILY = 1;
			};
			name = Debug;
		};
		76DCD6D0227F1F1200113A28 /* Release */ = {
			isa = XCBuildConfiguration;
			buildSettings = {
				ASSETCATALOG_COMPILER_APPICON_NAME = AppIcon;
				CODE_SIGN_STYLE = Automatic;
				DEVELOPMENT_TEAM = 8P2D5W8A5L;
				INFOPLIST_FILE = UkrainianNews/Info.plist;
				LD_RUNPATH_SEARCH_PATHS = (
					"$(inherited)",
					"@executable_path/Frameworks",
				);
				PRODUCT_BUNDLE_IDENTIFIER = test.UkrainianNews;
				PRODUCT_NAME = "$(TARGET_NAME)";
				SWIFT_VERSION = 5.0;
				TARGETED_DEVICE_FAMILY = 1;
			};
			name = Release;
		};
/* End XCBuildConfiguration section */

/* Begin XCConfigurationList section */
		76DCD6AC227F1F0F00113A28 /* Build configuration list for PBXProject "UkrainianNews" */ = {
			isa = XCConfigurationList;
			buildConfigurations = (
				76DCD6CC227F1F1200113A28 /* Debug */,
				76DCD6CD227F1F1200113A28 /* Release */,
			);
			defaultConfigurationIsVisible = 0;
			defaultConfigurationName = Release;
		};
		76DCD6CE227F1F1200113A28 /* Build configuration list for PBXNativeTarget "UkrainianNews" */ = {
			isa = XCConfigurationList;
			buildConfigurations = (
				76DCD6CF227F1F1200113A28 /* Debug */,
				76DCD6D0227F1F1200113A28 /* Release */,
			);
			defaultConfigurationIsVisible = 0;
			defaultConfigurationName = Release;
		};
/* End XCConfigurationList section */
	};
	rootObject = 76DCD6A9227F1F0F00113A28 /* Project object */;
}
